
Microsoft Visual Studio Solution File, Format Version 12.00
# Visual Studio 15
Project("{FAE04EC0-301F-11D3-BF4B-00C04F79EFBC}") = "Assembly-CSharp", "Assembly-CSharp.csproj", "{001E2DA9-8C14-E465-641F-E619BEFDFAAD}"
EndProject
Global
	GlobalSection(SolutionConfigurationPlatforms) = preSolution
		Debug|Any CPU = Debug|Any CPU
		Release|Any CPU = Release|Any CPU
	EndGlobalSection
	GlobalSection(ProjectConfigurationPlatforms) = postSolution
		{001E2DA9-8C14-E465-641F-E619BEFDFAAD}.Debug|Any CPU.ActiveCfg = Debug|Any CPU
		{001E2DA9-8C14-E465-641F-E619BEFDFAAD}.Debug|Any CPU.Build.0 = Debug|Any CPU
		{001E2DA9-8C14-E465-641F-E619BEFDFAAD}.Release|Any CPU.ActiveCfg = Release|Any CPU
		{001E2DA9-8C14-E465-641F-E619BEFDFAAD}.Release|Any CPU.Build.0 = Release|Any CPU
	EndGlobalSection
	GlobalSection(SolutionProperties) = preSolution
		HideSolutionNode = FALSE
	EndGlobalSection
EndGlobal
